
Microsoft Visual Studio Solution File, Format Version 12.00
# Visual Studio Version 16
VisualStudioVersion = 16.0.31702.278
MinimumVisualStudioVersion = 10.0.40219.1
Project("{FAE04EC0-301F-11D3-BF4B-00C04F79EFBC}") = "TechnicalChallenge", "TechnicalChallenge\TechnicalChallenge.csproj", "{AC3F1EBE-3451-46CF-85E4-F16A8F50E5A8}"
EndProject
Global
	GlobalSection(SolutionConfigurationPlatforms) = preSolution
		Debug|Any CPU = Debug|Any CPU
		Release|Any CPU = Release|Any CPU
	EndGlobalSection
	GlobalSection(ProjectConfigurationPlatforms) = postSolution
		{AC3F1EBE-3451-46CF-85E4-F16A8F50E5A8}.Debug|Any CPU.ActiveCfg = Debug|Any CPU
		{AC3F1EBE-3451-46CF-85E4-F16A8F50E5A8}.Debug|Any CPU.Build.0 = Debug|Any CPU
		{AC3F1EBE-3451-46CF-85E4-F16A8F50E5A8}.Release|Any CPU.ActiveCfg = Release|Any CPU
		{AC3F1EBE-3451-46CF-85E4-F16A8F50E5A8}.Release|Any CPU.Build.0 = Release|Any CPU
	EndGlobalSection
	GlobalSection(SolutionProperties) = preSolution
		HideSolutionNode = FALSE
	EndGlobalSection
	GlobalSection(ExtensibilityGlobals) = postSolution
		SolutionGuid = {C0EAC279-B677-45CF-B8EF-16464FDC0001}
	EndGlobalSection
EndGlobal
